// !$*UTF8*$!
{
	archiveVersion = 1;
	classes = {
	};
	objectVersion = 46;
	objects = {

/* Begin PBXBuildFile section */
		4A7B4A561DD907F900DDC0EC /* Main.storyboard in Resources */ = {isa = PBXBuildFile; fileRef = 4A7B4A551DD907F900DDC0EC /* Main.storyboard */; };
		4A7B4A581DD9089100DDC0EC /* MoreInfoViewController.swift in Sources */ = {isa = PBXBuildFile; fileRef = 4A7B4A571DD9089100DDC0EC /* MoreInfoViewController.swift */; };
		4A9E6E6E1DD4DE9A0015B9E2 /* JsonConverter.swift in Sources */ = {isa = PBXBuildFile; fileRef = 4A9E6E6D1DD4DE9A0015B9E2 /* JsonConverter.swift */; };
		4A9E6E701DD5167B0015B9E2 /* Books.swift in Sources */ = {isa = PBXBuildFile; fileRef = 4A9E6E6F1DD5167B0015B9E2 /* Books.swift */; };
		4AE715D51DD4B43E0000BAB3 /* AppDelegate.swift in Sources */ = {isa = PBXBuildFile; fileRef = 4AE715D41DD4B43E0000BAB3 /* AppDelegate.swift */; };
		4AE715D81DD4B43E0000BAB3 /* BestSeller.xcdatamodeld in Sources */ = {isa = PBXBuildFile; fileRef = 4AE715D61DD4B43E0000BAB3 /* BestSeller.xcdatamodeld */; };
		4AE715DA1DD4B43E0000BAB3 /* MasterViewController.swift in Sources */ = {isa = PBXBuildFile; fileRef = 4AE715D91DD4B43E0000BAB3 /* MasterViewController.swift */; };
		4AE715DC1DD4B43E0000BAB3 /* DetailViewController.swift in Sources */ = {isa = PBXBuildFile; fileRef = 4AE715DB1DD4B43E0000BAB3 /* DetailViewController.swift */; };
		4AE715E11DD4B43E0000BAB3 /* Assets.xcassets in Resources */ = {isa = PBXBuildFile; fileRef = 4AE715E01DD4B43E0000BAB3 /* Assets.xcassets */; };
		4AE715E41DD4B43E0000BAB3 /* LaunchScreen.storyboard in Resources */ = {isa = PBXBuildFile; fileRef = 4AE715E21DD4B43E0000BAB3 /* LaunchScreen.storyboard */; };
		4AE715EE1DD4B6850000BAB3 /* Inventory+CoreDataClass.swift in Sources */ = {isa = PBXBuildFile; fileRef = 4AE715EC1DD4B6850000BAB3 /* Inventory+CoreDataClass.swift */; };
		4AE715EF1DD4B6850000BAB3 /* Inventory+CoreDataProperties.swift in Sources */ = {isa = PBXBuildFile; fileRef = 4AE715ED1DD4B6850000BAB3 /* Inventory+CoreDataProperties.swift */; };
		4AE715F31DD4B86A0000BAB3 /* InventoryViewController.swift in Sources */ = {isa = PBXBuildFile; fileRef = 4AE715F21DD4B86A0000BAB3 /* InventoryViewController.swift */; };
/* End PBXBuildFile section */

/* Begin PBXFileReference section */
		4A7B4A551DD907F900DDC0EC /* Main.storyboard */ = {isa = PBXFileReference; fileEncoding = 4; lastKnownFileType = file.storyboard; name = Main.storyboard; path = ../Main.storyboard; sourceTree = "<group>"; };
		4A7B4A571DD9089100DDC0EC /* MoreInfoViewController.swift */ = {isa = PBXFileReference; fileEncoding = 4; lastKnownFileType = sourcecode.swift; path = MoreInfoViewController.swift; sourceTree = "<group>"; };
		4A9E6E6D1DD4DE9A0015B9E2 /* JsonConverter.swift */ = {isa = PBXFileReference; fileEncoding = 4; lastKnownFileType = sourcecode.swift; path = JsonConverter.swift; sourceTree = "<group>"; };
		4A9E6E6F1DD5167B0015B9E2 /* Books.swift */ = {isa = PBXFileReference; fileEncoding = 4; lastKnownFileType = sourcecode.swift; path = Books.swift; sourceTree = "<group>"; };
		4AE715D11DD4B43E0000BAB3 /* BestSeller.app */ = {isa = PBXFileReference; explicitFileType = wrapper.application; includeInIndex = 0; path = BestSeller.app; sourceTree = BUILT_PRODUCTS_DIR; };
		4AE715D41DD4B43E0000BAB3 /* AppDelegate.swift */ = {isa = PBXFileReference; lastKnownFileType = sourcecode.swift; path = AppDelegate.swift; sourceTree = "<group>"; };
		4AE715D71DD4B43E0000BAB3 /* BestSeller.xcdatamodel */ = {isa = PBXFileReference; lastKnownFileType = wrapper.xcdatamodel; path = BestSeller.xcdatamodel; sourceTree = "<group>"; };
		4AE715D91DD4B43E0000BAB3 /* MasterViewController.swift */ = {isa = PBXFileReference; lastKnownFileType = sourcecode.swift; path = MasterViewController.swift; sourceTree = "<group>"; };
		4AE715DB1DD4B43E0000BAB3 /* DetailViewController.swift */ = {isa = PBXFileReference; lastKnownFileType = sourcecode.swift; path = DetailViewController.swift; sourceTree = "<group>"; };
		4AE715E01DD4B43E0000BAB3 /* Assets.xcassets */ = {isa = PBXFileReference; lastKnownFileType = folder.assetcatalog; path = Assets.xcassets; sourceTree = "<group>"; };
		4AE715E31DD4B43E0000BAB3 /* Base */ = {isa = PBXFileReference; lastKnownFileType = file.storyboard; name = Base; path = Base.lproj/LaunchScreen.storyboard; sourceTree = "<group>"; };
		4AE715E51DD4B43E0000BAB3 /* Info.plist */ = {isa = PBXFileReference; lastKnownFileType = text.plist.xml; path = Info.plist; sourceTree = "<group>"; };
		4AE715EC1DD4B6850000BAB3 /* Inventory+CoreDataClass.swift */ = {isa = PBXFileReference; fileEncoding = 4; lastKnownFileType = sourcecode.swift; path = "Inventory+CoreDataClass.swift"; sourceTree = "<group>"; };
		4AE715ED1DD4B6850000BAB3 /* Inventory+CoreDataProperties.swift */ = {isa = PBXFileReference; fileEncoding = 4; lastKnownFileType = sourcecode.swift; path = "Inventory+CoreDataProperties.swift"; sourceTree = "<group>"; };
		4AE715F21DD4B86A0000BAB3 /* InventoryViewController.swift */ = {isa = PBXFileReference; fileEncoding = 4; lastKnownFileType = sourcecode.swift; path = InventoryViewController.swift; sourceTree = "<group>"; };
/* End PBXFileReference section */

/* Begin PBXFrameworksBuildPhase section */
		4AE715CE1DD4B43E0000BAB3 /* Frameworks */ = {
			isa = PBXFrameworksBuildPhase;
			buildActionMask = 2147483647;
			files = (
			);
			runOnlyForDeploymentPostprocessing = 0;
		};
/* End PBXFrameworksBuildPhase section */

/* Begin PBXGroup section */
		4A9E6E6A1DD4DD7D0015B9E2 /* Utilities */ = {
			isa = PBXGroup;
			children = (
				4A9E6E6D1DD4DE9A0015B9E2 /* JsonConverter.swift */,
			);
			name = Utilities;
			sourceTree = "<group>";
		};
		4AE715C81DD4B43E0000BAB3 = {
			isa = PBXGroup;
			children = (
				4AE715D31DD4B43E0000BAB3 /* BestSeller */,
				4AE715D21DD4B43E0000BAB3 /* Products */,
			);
			sourceTree = "<group>";
		};
		4AE715D21DD4B43E0000BAB3 /* Products */ = {
			isa = PBXGroup;
			children = (
				4AE715D11DD4B43E0000BAB3 /* BestSeller.app */,
			);
			name = Products;
			sourceTree = "<group>";
		};
		4AE715D31DD4B43E0000BAB3 /* BestSeller */ = {
			isa = PBXGroup;
			children = (
				4A9E6E6A1DD4DD7D0015B9E2 /* Utilities */,
				4AE715F11DD4B84E0000BAB3 /* Controllers */,
				4AE715F01DD4B8140000BAB3 /* Views */,
				4AE715EB1DD4B66A0000BAB3 /* Models */,
				4AE715D41DD4B43E0000BAB3 /* AppDelegate.swift */,
				4AE715E01DD4B43E0000BAB3 /* Assets.xcassets */,
				4AE715E21DD4B43E0000BAB3 /* LaunchScreen.storyboard */,
				4A7B4A551DD907F900DDC0EC /* Main.storyboard */,
				4AE715E51DD4B43E0000BAB3 /* Info.plist */,
				4AE715D61DD4B43E0000BAB3 /* BestSeller.xcdatamodeld */,
			);
			path = BestSeller;
			sourceTree = "<group>";
		};
		4AE715EB1DD4B66A0000BAB3 /* Models */ = {
			isa = PBXGroup;
			children = (
				4AE715EC1DD4B6850000BAB3 /* Inventory+CoreDataClass.swift */,
				4AE715ED1DD4B6850000BAB3 /* Inventory+CoreDataProperties.swift */,
				4A9E6E6F1DD5167B0015B9E2 /* Books.swift */,
			);
			name = Models;
			sourceTree = "<group>";
		};
		4AE715F01DD4B8140000BAB3 /* Views */ = {
			isa = PBXGroup;
			children = (
				4AE715D91DD4B43E0000BAB3 /* MasterViewController.swift */,
				4AE715DB1DD4B43E0000BAB3 /* DetailViewController.swift */,
				4A7B4A571DD9089100DDC0EC /* MoreInfoViewController.swift */,
			);
			name = Views;
			sourceTree = "<group>";
		};
		4AE715F11DD4B84E0000BAB3 /* Controllers */ = {
			isa = PBXGroup;
			children = (
				4AE715F21DD4B86A0000BAB3 /* InventoryViewController.swift */,
			);
			name = Controllers;
			sourceTree = "<group>";
		};
/* End PBXGroup section */

/* Begin PBXNativeTarget section */
		4AE715D01DD4B43E0000BAB3 /* BestSeller */ = {
			isa = PBXNativeTarget;
			buildConfigurationList = 4AE715E81DD4B43E0000BAB3 /* Build configuration list for PBXNativeTarget "BestSeller" */;
			buildPhases = (
				4AE715CD1DD4B43E0000BAB3 /* Sources */,
				4AE715CE1DD4B43E0000BAB3 /* Frameworks */,
				4AE715CF1DD4B43E0000BAB3 /* Resources */,
			);
			buildRules = (
			);
			dependencies = (
			);
			name = BestSeller;
			productName = BestSeller;
			productReference = 4AE715D11DD4B43E0000BAB3 /* BestSeller.app */;
			productType = "com.apple.product-type.application";
		};
/* End PBXNativeTarget section */

/* Begin PBXProject section */
		4AE715C91DD4B43E0000BAB3 /* Project object */ = {
			isa = PBXProject;
			attributes = {
				LastSwiftUpdateCheck = 0810;
				LastUpgradeCheck = 0810;
				ORGANIZATIONNAME = "Jedisware LLC";
				TargetAttributes = {
					4AE715D01DD4B43E0000BAB3 = {
						CreatedOnToolsVersion = 8.1;
						DevelopmentTeam = V55W6TSS2D;
						ProvisioningStyle = Automatic;
					};
				};
			};
			buildConfigurationList = 4AE715CC1DD4B43E0000BAB3 /* Build configuration list for PBXProject "BestSeller" */;
			compatibilityVersion = "Xcode 3.2";
			developmentRegion = English;
			hasScannedForEncodings = 0;
			knownRegions = (
				en,
				Base,
			);
			mainGroup = 4AE715C81DD4B43E0000BAB3;
			productRefGroup = 4AE715D21DD4B43E0000BAB3 /* Products */;
			projectDirPath = "";
			projectRoot = "";
			targets = (
				4AE715D01DD4B43E0000BAB3 /* BestSeller */,
			);
		};
/* End PBXProject section */

/* Begin PBXResourcesBuildPhase section */
		4AE715CF1DD4B43E0000BAB3 /* Resources */ = {
			isa = PBXResourcesBuildPhase;
			buildActionMask = 2147483647;
			files = (
				4A7B4A561DD907F900DDC0EC /* Main.storyboard in Resources */,
				4AE715E41DD4B43E0000BAB3 /* LaunchScreen.storyboard in Resources */,
				4AE715E11DD4B43E0000BAB3 /* Assets.xcassets in Resources */,
			);
			runOnlyForDeploymentPostprocessing = 0;
		};
/* End PBXResourcesBuildPhase section */

/* Begin PBXSourcesBuildPhase section */
		4AE715CD1DD4B43E0000BAB3 /* Sources */ = {
			isa = PBXSourcesBuildPhase;
			buildActionMask = 2147483647;
			files = (
				4A9E6E6E1DD4DE9A0015B9E2 /* JsonConverter.swift in Sources */,
				4AE715F31DD4B86A0000BAB3 /* InventoryViewController.swift in Sources */,
				4AE715EF1DD4B6850000BAB3 /* Inventory+CoreDataProperties.swift in Sources */,
				4AE715EE1DD4B6850000BAB3 /* Inventory+CoreDataClass.swift in Sources */,
				4A7B4A581DD9089100DDC0EC /* MoreInfoViewController.swift in Sources */,
				4AE715D81DD4B43E0000BAB3 /* BestSeller.xcdatamodeld in Sources */,
				4AE715D51DD4B43E0000BAB3 /* AppDelegate.swift in Sources */,
				4A9E6E701DD5167B0015B9E2 /* Books.swift in Sources */,
				4AE715DA1DD4B43E0000BAB3 /* MasterViewController.swift in Sources */,
				4AE715DC1DD4B43E0000BAB3 /* DetailViewController.swift in Sources */,
			);
			runOnlyForDeploymentPostprocessing = 0;
		};
/* End PBXSourcesBuildPhase section */

/* Begin PBXVariantGroup section */
		4AE715E21DD4B43E0000BAB3 /* LaunchScreen.storyboard */ = {
			isa = PBXVariantGroup;
			children = (
				4AE715E31DD4B43E0000BAB3 /* Base */,
			);
			name = LaunchScreen.storyboard;
			sourceTree = "<group>";
		};
/* End PBXVariantGroup section */

/* Begin XCBuildConfiguration section */
		4AE715E61DD4B43E0000BAB3 /* Debug */ = {
			isa = XCBuildConfiguration;
			buildSettings = {
				ALWAYS_SEARCH_USER_PATHS = NO;
				CLANG_ANALYZER_NONNULL = YES;
				CLANG_CXX_LANGUAGE_STANDARD = "gnu++0x";
				CLANG_CXX_LIBRARY = "libc++";
				CLANG_ENABLE_MODULES = YES;
				CLANG_ENABLE_OBJC_ARC = YES;
				CLANG_WARN_BOOL_CONVERSION = YES;
				CLANG_WARN_CONSTANT_CONVERSION = YES;
				CLANG_WARN_DIRECT_OBJC_ISA_USAGE = YES_ERROR;
				CLANG_WARN_DOCUMENTATION_COMMENTS = YES;
				CLANG_WARN_EMPTY_BODY = YES;
				CLANG_WARN_ENUM_CONVERSION = YES;
				CLANG_WARN_INFINITE_RECURSION = YES;
				CLANG_WARN_INT_CONVERSION = YES;
				CLANG_WARN_OBJC_ROOT_CLASS = YES_ERROR;
				CLANG_WARN_SUSPICIOUS_MOVES = YES;
				CLANG_WARN_UNREACHABLE_CODE = YES;
				CLANG_WARN__DUPLICATE_METHOD_MATCH = YES;
				"CODE_SIGN_IDENTITY[sdk=iphoneos*]" = "iPhone Developer";
				COPY_PHASE_STRIP = NO;
				DEBUG_INFORMATION_FORMAT = dwarf;
				ENABLE_STRICT_OBJC_MSGSEND = YES;
				ENABLE_TESTABILITY = YES;
				GCC_C_LANGUAGE_STANDARD = gnu99;
				GCC_DYNAMIC_NO_PIC = NO;
				GCC_NO_COMMON_BLOCKS = YES;
				GCC_OPTIMIZATION_LEVEL = 0;
				GCC_PREPROCESSOR_DEFINITIONS = (
					"DEBUG=1",
					"$(inherited)",
				);
				GCC_WARN_64_TO_32_BIT_CONVERSION = YES;
				GCC_WARN_ABOUT_RETURN_TYPE = YES_ERROR;
				GCC_WARN_UNDECLARED_SELECTOR = YES;
				GCC_WARN_UNINITIALIZED_AUTOS = YES_AGGRESSIVE;
				GCC_WARN_UNUSED_FUNCTION = YES;
				GCC_WARN_UNUSED_VARIABLE = YES;
				IPHONEOS_DEPLOYMENT_TARGET = 10.1;
				MTL_ENABLE_DEBUG_INFO = YES;
				ONLY_ACTIVE_ARCH = YES;
				SDKROOT = iphoneos;
				SWIFT_ACTIVE_COMPILATION_CONDITIONS = DEBUG;
				SWIFT_OPTIMIZATION_LEVEL = "-Onone";
				TARGETED_DEVICE_FAMILY = 2;
			};
			name = Debug;
		};
		4AE715E71DD4B43E0000BAB3 /* Release */ = {
			isa = XCBuildConfiguration;
			buildSettings = {
				ALWAYS_SEARCH_USER_PATHS = NO;
				CLANG_ANALYZER_NONNULL = YES;
				CLANG_CXX_LANGUAGE_STANDARD = "gnu++0x";
				CLANG_CXX_LIBRARY = "libc++";
				CLANG_ENABLE_MODULES = YES;
				CLANG_ENABLE_OBJC_ARC = YES;
				CLANG_WARN_BOOL_CONVERSION = YES;
				CLANG_WARN_CONSTANT_CONVERSION = YES;
				CLANG_WARN_DIRECT_OBJC_ISA_USAGE = YES_ERROR;
				CLANG_WARN_DOCUMENTATION_COMMENTS = YES;
				CLANG_WARN_EMPTY_BODY = YES;
				CLANG_WARN_ENUM_CONVERSION = YES;
				CLANG_WARN_INFINITE_RECURSION = YES;
				CLANG_WARN_INT_CONVERSION = YES;
				CLANG_WARN_OBJC_ROOT_CLASS = YES_ERROR;
				CLANG_WARN_SUSPICIOUS_MOVES = YES;
				CLANG_WARN_UNREACHABLE_CODE = YES;
				CLANG_WARN__DUPLICATE_METHOD_MATCH = YES;
				"CODE_SIGN_IDENTITY[sdk=iphoneos*]" = "iPhone Developer";
				COPY_PHASE_STRIP = NO;
				DEBUG_INFORMATION_FORMAT = "dwarf-with-dsym";
				ENABLE_NS_ASSERTIONS = NO;
				ENABLE_STRICT_OBJC_MSGSEND = YES;
				GCC_C_LANGUAGE_STANDARD = gnu99;
				GCC_NO_COMMON_BLOCKS = YES;
				GCC_WARN_64_TO_32_BIT_CONVERSION = YES;
				GCC_WARN_ABOUT_RETURN_TYPE = YES_ERROR;
				GCC_WARN_UNDECLARED_SELECTOR = YES;
				GCC_WARN_UNINITIALIZED_AUTOS = YES_AGGRESSIVE;
				GCC_WARN_UNUSED_FUNCTION = YES;
				GCC_WARN_UNUSED_VARIABLE = YES;
				IPHONEOS_DEPLOYMENT_TARGET = 10.1;
				MTL_ENABLE_DEBUG_INFO = NO;
				SDKROOT = iphoneos;
				SWIFT_OPTIMIZATION_LEVEL = "-Owholemodule";
				TARGETED_DEVICE_FAMILY = 2;
				VALIDATE_PRODUCT = YES;
			};
			name = Release;
		};
		4AE715E91DD4B43E0000BAB3 /* Debug */ = {
			isa = XCBuildConfiguration;
			buildSettings = {
				ASSETCATALOG_COMPILER_APPICON_NAME = AppIcon;
				DEVELOPMENT_TEAM = V55W6TSS2D;
				INFOPLIST_FILE = BestSeller/Info.plist;
				LD_RUNPATH_SEARCH_PATHS = "$(inherited) @executable_path/Frameworks";
				PRODUCT_BUNDLE_IDENTIFIER = com.JED.BestSeller;
				PRODUCT_NAME = "$(TARGET_NAME)";
				SWIFT_VERSION = 3.0;
			};
			name = Debug;
		};
		4AE715EA1DD4B43E0000BAB3 /* Release */ = {
			isa = XCBuildConfiguration;
			buildSettings = {
				ASSETCATALOG_COMPILER_APPICON_NAME = AppIcon;
				DEVELOPMENT_TEAM = V55W6TSS2D;
				INFOPLIST_FILE = BestSeller/Info.plist;
				LD_RUNPATH_SEARCH_PATHS = "$(inherited) @executable_path/Frameworks";
				PRODUCT_BUNDLE_IDENTIFIER = com.JED.BestSeller;
				PRODUCT_NAME = "$(TARGET_NAME)";
				SWIFT_VERSION = 3.0;
			};
			name = Release;
		};
/* End XCBuildConfiguration section */

/* Begin XCConfigurationList section */
		4AE715CC1DD4B43E0000BAB3 /* Build configuration list for PBXProject "BestSeller" */ = {
			isa = XCConfigurationList;
			buildConfigurations = (
				4AE715E61DD4B43E0000BAB3 /* Debug */,
				4AE715E71DD4B43E0000BAB3 /* Release */,
			);
			defaultConfigurationIsVisible = 0;
			defaultConfigurationName = Release;
		};
		4AE715E81DD4B43E0000BAB3 /* Build configuration list for PBXNativeTarget "BestSeller" */ = {
			isa = XCConfigurationList;
			buildConfigurations = (
				4AE715E91DD4B43E0000BAB3 /* Debug */,
				4AE715EA1DD4B43E0000BAB3 /* Release */,
			);
			defaultConfigurationIsVisible = 0;
			defaultConfigurationName = Release;
		};
/* End XCConfigurationList section */

/* Begin XCVersionGroup section */
		4AE715D61DD4B43E0000BAB3 /* BestSeller.xcdatamodeld */ = {
			isa = XCVersionGroup;
			children = (
				4AE715D71DD4B43E0000BAB3 /* BestSeller.xcdatamodel */,
			);
			currentVersion = 4AE715D71DD4B43E0000BAB3 /* BestSeller.xcdatamodel */;
			path = BestSeller.xcdatamodeld;
			sourceTree = "<group>";
			versionGroupType = wrapper.xcdatamodel;
		};
/* End XCVersionGroup section */
	};
	rootObject = 4AE715C91DD4B43E0000BAB3 /* Project object */;
}
